{
  "version": 4,
  "terraform_version": "1.0.11",
  "serial": 310,
  "lineage": "47742819-21f7-628c-6ea1-4cd07dbd09ec",
  "outputs": {},
  "resources": [
    {
      "mode": "managed",
      "type": "azurerm_availability_set",
      "name": "avset",
      "provider": "provider[\"registry.terraform.io/hashicorp/azurerm\"]",
      "instances": [
        {
          "schema_version": 0,
          "attributes": {
            "id": "/subscriptions/2c27975e-ce4f-421e-82ff-9e5080dc09c5/resourceGroups/az-cus-rg-orbcnt-hub/providers/Microsoft.Compute/availabilitySets/avset",
            "location": "uksouth",
            "managed": true,
            "name": "avset",
            "platform_fault_domain_count": 2,
            "platform_update_domain_count": 2,
            "proximity_placement_group_id": null,
            "resource_group_name": "az-cus-rg-orbcnt-hub",
            "tags": {},
            "timeouts": null
          },
          "sensitive_attributes": [],
          "private": "eyJlMmJmYjczMC1lY2FhLTExZTYtOGY4OC0zNDM2M2JjN2M0YzAiOnsiY3JlYXRlIjoxODAwMDAwMDAwMDAwLCJkZWxldGUiOjE4MDAwMDAwMDAwMDAsInJlYWQiOjMwMDAwMDAwMDAwMCwidXBkYXRlIjoxODAwMDAwMDAwMDAwfX0=",
          "dependencies": [
            "azurerm_resource_group.test"
          ]
        }
      ]
    },
    {
      "mode": "managed",
      "type": "azurerm_lb",
      "name": "test1",
      "provider": "provider[\"registry.terraform.io/hashicorp/azurerm\"]",
      "instances": [
        {
          "schema_version": 0,
          "attributes": {
            "edge_zone": "",
            "frontend_ip_configuration": [
              {
                "gateway_load_balancer_frontend_ip_configuration_id": "",
                "id": "/subscriptions/2c27975e-ce4f-421e-82ff-9e5080dc09c5/resourceGroups/az-cus-rg-orbcnt-hub/providers/Microsoft.Network/loadBalancers/external_lb/frontendIPConfigurations/publicipadress",
                "inbound_nat_rules": [],
                "load_balancer_rules": [],
                "name": "publicipadress",
                "outbound_rules": [],
                "private_ip_address": "",
                "private_ip_address_allocation": "Dynamic",
                "private_ip_address_version": "",
                "public_ip_address_id": "/subscriptions/2c27975e-ce4f-421e-82ff-9e5080dc09c5/resourceGroups/az-cus-rg-orbcnt-hub/providers/Microsoft.Network/publicIPAddresses/publicip-extlb",
                "public_ip_prefix_id": "",
                "subnet_id": "",
                "zones": []
              }
            ],
            "id": "/subscriptions/2c27975e-ce4f-421e-82ff-9e5080dc09c5/resourceGroups/az-cus-rg-orbcnt-hub/providers/Microsoft.Network/loadBalancers/external_lb",
            "location": "uksouth",
            "name": "external_lb",
            "private_ip_address": "",
            "private_ip_addresses": [],
            "resource_group_name": "az-cus-rg-orbcnt-hub",
            "sku": "Basic",
            "sku_tier": "Regional",
            "tags": {},
            "timeouts": null
          },
          "sensitive_attributes": [],
          "private": "eyJlMmJmYjczMC1lY2FhLTExZTYtOGY4OC0zNDM2M2JjN2M0YzAiOnsiY3JlYXRlIjoxODAwMDAwMDAwMDAwLCJkZWxldGUiOjE4MDAwMDAwMDAwMDAsInJlYWQiOjMwMDAwMDAwMDAwMCwidXBkYXRlIjoxODAwMDAwMDAwMDAwfX0=",
          "dependencies": [
            "azurerm_public_ip.test",
            "azurerm_resource_group.test"
          ]
        }
      ]
    },
    {
      "mode": "managed",
      "type": "azurerm_lb",
      "name": "test2",
      "provider": "provider[\"registry.terraform.io/hashicorp/azurerm\"]",
      "instances": [
        {
          "schema_version": 0,
          "attributes": {
            "edge_zone": "",
            "frontend_ip_configuration": [
              {
                "gateway_load_balancer_frontend_ip_configuration_id": "",
                "id": "/subscriptions/2c27975e-ce4f-421e-82ff-9e5080dc09c5/resourceGroups/az-cus-rg-orbcnt-hub/providers/Microsoft.Network/loadBalancers/internal_lb/frontendIPConfigurations/privateIPAddress",
                "inbound_nat_rules": [],
                "load_balancer_rules": [],
                "name": "privateIPAddress",
                "outbound_rules": [],
                "private_ip_address": "10.1.1.5",
                "private_ip_address_allocation": "Dynamic",
                "private_ip_address_version": "IPv4",
                "public_ip_address_id": "",
                "public_ip_prefix_id": "",
                "subnet_id": "/subscriptions/2c27975e-ce4f-421e-82ff-9e5080dc09c5/resourceGroups/az-cus-rg-orbcnt-hub/providers/Microsoft.Network/virtualNetworks/az-cus-vn130-hub/subnets/az-cus-sn130-hub-fgt02",
                "zones": []
              }
            ],
            "id": "/subscriptions/2c27975e-ce4f-421e-82ff-9e5080dc09c5/resourceGroups/az-cus-rg-orbcnt-hub/providers/Microsoft.Network/loadBalancers/internal_lb",
            "location": "uksouth",
            "name": "internal_lb",
            "private_ip_address": "10.1.1.5",
            "private_ip_addresses": [
              "10.1.1.5"
            ],
            "resource_group_name": "az-cus-rg-orbcnt-hub",
            "sku": "Basic",
            "sku_tier": "Regional",
            "tags": {},
            "timeouts": null
          },
          "sensitive_attributes": [],
          "private": "eyJlMmJmYjczMC1lY2FhLTExZTYtOGY4OC0zNDM2M2JjN2M0YzAiOnsiY3JlYXRlIjoxODAwMDAwMDAwMDAwLCJkZWxldGUiOjE4MDAwMDAwMDAwMDAsInJlYWQiOjMwMDAwMDAwMDAwMCwidXBkYXRlIjoxODAwMDAwMDAwMDAwfX0=",
          "dependencies": [
            "azurerm_virtual_network.test",
            "azurerm_resource_group.test",
            "azurerm_subnet.test2"
          ]
        }
      ]
    },
    {
      "mode": "managed",
      "type": "azurerm_lb_backend_address_pool",
      "name": "test1",
      "provider": "provider[\"registry.terraform.io/hashicorp/azurerm\"]",
      "instances": [
        {
          "schema_version": 0,
          "attributes": {
            "backend_ip_configurations": [],
            "id": "/subscriptions/2c27975e-ce4f-421e-82ff-9e5080dc09c5/resourceGroups/az-cus-rg-orbcnt-hub/providers/Microsoft.Network/loadBalancers/external_lb/backendAddressPools/BackEndAddressPool",
            "inbound_nat_rules": [],
            "load_balancing_rules": [],
            "loadbalancer_id": "/subscriptions/2c27975e-ce4f-421e-82ff-9e5080dc09c5/resourceGroups/az-cus-rg-orbcnt-hub/providers/Microsoft.Network/loadBalancers/external_lb",
            "name": "BackEndAddressPool",
            "outbound_rules": [],
            "timeouts": null,
            "tunnel_interface": []
          },
          "sensitive_attributes": [],
          "private": "eyJlMmJmYjczMC1lY2FhLTExZTYtOGY4OC0zNDM2M2JjN2M0YzAiOnsiY3JlYXRlIjoxODAwMDAwMDAwMDAwLCJkZWxldGUiOjE4MDAwMDAwMDAwMDAsInJlYWQiOjMwMDAwMDAwMDAwMCwidXBkYXRlIjoxODAwMDAwMDAwMDAwfX0=",
          "dependencies": [
            "azurerm_lb.test1",
            "azurerm_public_ip.test",
            "azurerm_resource_group.test"
          ]
        }
      ]
    },
    {
      "mode": "managed",
      "type": "azurerm_lb_backend_address_pool",
      "name": "test2",
      "provider": "provider[\"registry.terraform.io/hashicorp/azurerm\"]",
      "instances": [
        {
          "schema_version": 0,
          "attributes": {
            "backend_ip_configurations": [],
            "id": "/subscriptions/2c27975e-ce4f-421e-82ff-9e5080dc09c5/resourceGroups/az-cus-rg-orbcnt-hub/providers/Microsoft.Network/loadBalancers/internal_lb/backendAddressPools/BackEndAddressPool",
            "inbound_nat_rules": [],
            "load_balancing_rules": [],
            "loadbalancer_id": "/subscriptions/2c27975e-ce4f-421e-82ff-9e5080dc09c5/resourceGroups/az-cus-rg-orbcnt-hub/providers/Microsoft.Network/loadBalancers/internal_lb",
            "name": "BackEndAddressPool",
            "outbound_rules": [],
            "timeouts": null,
            "tunnel_interface": []
          },
          "sensitive_attributes": [],
          "private": "eyJlMmJmYjczMC1lY2FhLTExZTYtOGY4OC0zNDM2M2JjN2M0YzAiOnsiY3JlYXRlIjoxODAwMDAwMDAwMDAwLCJkZWxldGUiOjE4MDAwMDAwMDAwMDAsInJlYWQiOjMwMDAwMDAwMDAwMCwidXBkYXRlIjoxODAwMDAwMDAwMDAwfX0=",
          "dependencies": [
            "azurerm_lb.test2",
            "azurerm_resource_group.test",
            "azurerm_subnet.test2",
            "azurerm_virtual_network.test"
          ]
        }
      ]
    },
    {
      "mode": "managed",
      "type": "azurerm_managed_disk",
      "name": "test",
      "provider": "provider[\"registry.terraform.io/hashicorp/azurerm\"]",
      "instances": [
        {
          "index_key": 0,
          "schema_version": 1,
          "attributes": {
            "create_option": "Empty",
            "disk_access_id": "",
            "disk_encryption_set_id": "",
            "disk_iops_read_only": 0,
            "disk_iops_read_write": 500,
            "disk_mbps_read_only": 0,
            "disk_mbps_read_write": 60,
            "disk_size_gb": 1023,
            "edge_zone": "",
            "encryption_settings": [],
            "gallery_image_reference_id": "",
            "hyper_v_generation": "",
            "id": "/subscriptions/2c27975e-ce4f-421e-82ff-9e5080dc09c5/resourceGroups/az-cus-rg-orbcnt-hub/providers/Microsoft.Compute/disks/datadisk_existing_0",
            "image_reference_id": "",
            "location": "uksouth",
            "logical_sector_size": null,
            "max_shares": 0,
            "name": "datadisk_existing_0",
            "network_access_policy": null,
            "on_demand_bursting_enabled": false,
            "os_type": "",
            "public_network_access_enabled": true,
            "resource_group_name": "az-cus-rg-orbcnt-hub",
            "secure_vm_disk_encryption_set_id": "",
            "security_type": "",
            "source_resource_id": "",
            "source_uri": "",
            "storage_account_id": "",
            "storage_account_type": "Standard_LRS",
            "tags": {},
            "tier": "",
            "timeouts": null,
            "trusted_launch_enabled": false,
            "upload_size_bytes": 0,
            "zone": ""
          },
          "sensitive_attributes": [],
          "private": "eyJlMmJmYjczMC1lY2FhLTExZTYtOGY4OC0zNDM2M2JjN2M0YzAiOnsiY3JlYXRlIjoxODAwMDAwMDAwMDAwLCJkZWxldGUiOjE4MDAwMDAwMDAwMDAsInJlYWQiOjMwMDAwMDAwMDAwMCwidXBkYXRlIjoxODAwMDAwMDAwMDAwfSwic2NoZW1hX3ZlcnNpb24iOiIxIn0=",
          "dependencies": [
            "azurerm_resource_group.test"
          ]
        },
        {
          "index_key": 1,
          "schema_version": 1,
          "attributes": {
            "create_option": "Empty",
            "disk_access_id": "",
            "disk_encryption_set_id": "",
            "disk_iops_read_only": 0,
            "disk_iops_read_write": 500,
            "disk_mbps_read_only": 0,
            "disk_mbps_read_write": 60,
            "disk_size_gb": 1023,
            "edge_zone": "",
            "encryption_settings": [],
            "gallery_image_reference_id": "",
            "hyper_v_generation": "",
            "id": "/subscriptions/2c27975e-ce4f-421e-82ff-9e5080dc09c5/resourceGroups/az-cus-rg-orbcnt-hub/providers/Microsoft.Compute/disks/datadisk_existing_1",
            "image_reference_id": "",
            "location": "uksouth",
            "logical_sector_size": null,
            "max_shares": 0,
            "name": "datadisk_existing_1",
            "network_access_policy": null,
            "on_demand_bursting_enabled": false,
            "os_type": "",
            "public_network_access_enabled": true,
            "resource_group_name": "az-cus-rg-orbcnt-hub",
            "secure_vm_disk_encryption_set_id": "",
            "security_type": "",
            "source_resource_id": "",
            "source_uri": "",
            "storage_account_id": "",
            "storage_account_type": "Standard_LRS",
            "tags": {},
            "tier": "",
            "timeouts": null,
            "trusted_launch_enabled": false,
            "upload_size_bytes": 0,
            "zone": ""
          },
          "sensitive_attributes": [],
          "private": "eyJlMmJmYjczMC1lY2FhLTExZTYtOGY4OC0zNDM2M2JjN2M0YzAiOnsiY3JlYXRlIjoxODAwMDAwMDAwMDAwLCJkZWxldGUiOjE4MDAwMDAwMDAwMDAsInJlYWQiOjMwMDAwMDAwMDAwMCwidXBkYXRlIjoxODAwMDAwMDAwMDAwfSwic2NoZW1hX3ZlcnNpb24iOiIxIn0=",
          "dependencies": [
            "azurerm_resource_group.test"
          ]
        }
      ]
    },
    {
      "mode": "managed",
      "type": "azurerm_network_interface",
      "name": "test",
      "provider": "provider[\"registry.terraform.io/hashicorp/azurerm\"]",
      "instances": [
        {
          "index_key": 0,
          "schema_version": 0,
          "attributes": {
            "applied_dns_servers": [],
            "dns_servers": [],
            "edge_zone": "",
            "enable_accelerated_networking": false,
            "enable_ip_forwarding": false,
            "id": "/subscriptions/2c27975e-ce4f-421e-82ff-9e5080dc09c5/resourceGroups/az-cus-rg-orbcnt-hub/providers/Microsoft.Network/networkInterfaces/fgtvm-a_nic1",
            "internal_dns_name_label": "",
            "internal_domain_name_suffix": "ngyb41zkwroujddwxib1bujobf.zx.internal.cloudapp.net",
            "ip_configuration": [
              {
                "gateway_load_balancer_frontend_ip_configuration_id": "",
                "name": "testConfiguration",
                "primary": true,
                "private_ip_address": "10.1.0.4",
                "private_ip_address_allocation": "Dynamic",
                "private_ip_address_version": "IPv4",
                "public_ip_address_id": "",
                "subnet_id": "/subscriptions/2c27975e-ce4f-421e-82ff-9e5080dc09c5/resourceGroups/az-cus-rg-orbcnt-hub/providers/Microsoft.Network/virtualNetworks/az-cus-vn130-hub/subnets/az-cus-sn130-hub-fgt01"
              }
            ],
            "location": "uksouth",
            "mac_address": "60-45-BD-0E-83-28",
            "name": "fgtvm-a_nic1",
            "private_ip_address": "10.1.0.4",
            "private_ip_addresses": [
              "10.1.0.4"
            ],
            "resource_group_name": "az-cus-rg-orbcnt-hub",
            "tags": {},
            "timeouts": null,
            "virtual_machine_id": "/subscriptions/2c27975e-ce4f-421e-82ff-9e5080dc09c5/resourceGroups/az-cus-rg-orbcnt-hub/providers/Microsoft.Compute/virtualMachines/fgt_activevm_a"
          },
          "sensitive_attributes": [],
          "private": "eyJlMmJmYjczMC1lY2FhLTExZTYtOGY4OC0zNDM2M2JjN2M0YzAiOnsiY3JlYXRlIjoxODAwMDAwMDAwMDAwLCJkZWxldGUiOjE4MDAwMDAwMDAwMDAsInJlYWQiOjMwMDAwMDAwMDAwMCwidXBkYXRlIjoxODAwMDAwMDAwMDAwfX0=",
          "dependencies": [
            "azurerm_resource_group.test",
            "azurerm_subnet.test1",
            "azurerm_virtual_network.test"
          ]
        },
        {
          "index_key": 1,
          "schema_version": 0,
          "attributes": {
            "applied_dns_servers": [],
            "dns_servers": [],
            "edge_zone": "",
            "enable_accelerated_networking": false,
            "enable_ip_forwarding": false,
            "id": "/subscriptions/2c27975e-ce4f-421e-82ff-9e5080dc09c5/resourceGroups/az-cus-rg-orbcnt-hub/providers/Microsoft.Network/networkInterfaces/fgtvm-a_nic2",
            "internal_dns_name_label": "",
            "internal_domain_name_suffix": "ngyb41zkwroujddwxib1bujobf.zx.internal.cloudapp.net",
            "ip_configuration": [
              {
                "gateway_load_balancer_frontend_ip_configuration_id": "",
                "name": "testConfiguration",
                "primary": true,
                "private_ip_address": "10.1.0.7",
                "private_ip_address_allocation": "Dynamic",
                "private_ip_address_version": "IPv4",
                "public_ip_address_id": "",
                "subnet_id": "/subscriptions/2c27975e-ce4f-421e-82ff-9e5080dc09c5/resourceGroups/az-cus-rg-orbcnt-hub/providers/Microsoft.Network/virtualNetworks/az-cus-vn130-hub/subnets/az-cus-sn130-hub-fgt01"
              }
            ],
            "location": "uksouth",
            "mac_address": "60-45-BD-0E-83-C4",
            "name": "fgtvm-a_nic2",
            "private_ip_address": "10.1.0.7",
            "private_ip_addresses": [
              "10.1.0.7"
            ],
            "resource_group_name": "az-cus-rg-orbcnt-hub",
            "tags": {},
            "timeouts": null,
            "virtual_machine_id": "/subscriptions/2c27975e-ce4f-421e-82ff-9e5080dc09c5/resourceGroups/az-cus-rg-orbcnt-hub/providers/Microsoft.Compute/virtualMachines/fgt_activevm_b"
          },
          "sensitive_attributes": [],
          "private": "eyJlMmJmYjczMC1lY2FhLTExZTYtOGY4OC0zNDM2M2JjN2M0YzAiOnsiY3JlYXRlIjoxODAwMDAwMDAwMDAwLCJkZWxldGUiOjE4MDAwMDAwMDAwMDAsInJlYWQiOjMwMDAwMDAwMDAwMCwidXBkYXRlIjoxODAwMDAwMDAwMDAwfX0=",
          "dependencies": [
            "azurerm_resource_group.test",
            "azurerm_subnet.test1",
            "azurerm_virtual_network.test"
          ]
        },
        {
          "index_key": 2,
          "schema_version": 0,
          "attributes": {
            "applied_dns_servers": [],
            "dns_servers": [],
            "edge_zone": "",
            "enable_accelerated_networking": false,
            "enable_ip_forwarding": false,
            "id": "/subscriptions/2c27975e-ce4f-421e-82ff-9e5080dc09c5/resourceGroups/az-cus-rg-orbcnt-hub/providers/Microsoft.Network/networkInterfaces/fgtvm-b_nic1",
            "internal_dns_name_label": "",
            "internal_domain_name_suffix": "ngyb41zkwroujddwxib1bujobf.zx.internal.cloudapp.net",
            "ip_configuration": [
              {
                "gateway_load_balancer_frontend_ip_configuration_id": "",
                "name": "testConfiguration",
                "primary": true,
                "private_ip_address": "10.1.0.5",
                "private_ip_address_allocation": "Dynamic",
                "private_ip_address_version": "IPv4",
                "public_ip_address_id": "",
                "subnet_id": "/subscriptions/2c27975e-ce4f-421e-82ff-9e5080dc09c5/resourceGroups/az-cus-rg-orbcnt-hub/providers/Microsoft.Network/virtualNetworks/az-cus-vn130-hub/subnets/az-cus-sn130-hub-fgt01"
              }
            ],
            "location": "uksouth",
            "mac_address": "",
            "name": "fgtvm-b_nic1",
            "private_ip_address": "10.1.0.5",
            "private_ip_addresses": [
              "10.1.0.5"
            ],
            "resource_group_name": "az-cus-rg-orbcnt-hub",
            "tags": {},
            "timeouts": null,
            "virtual_machine_id": ""
          },
          "sensitive_attributes": [],
          "private": "eyJlMmJmYjczMC1lY2FhLTExZTYtOGY4OC0zNDM2M2JjN2M0YzAiOnsiY3JlYXRlIjoxODAwMDAwMDAwMDAwLCJkZWxldGUiOjE4MDAwMDAwMDAwMDAsInJlYWQiOjMwMDAwMDAwMDAwMCwidXBkYXRlIjoxODAwMDAwMDAwMDAwfX0=",
          "dependencies": [
            "azurerm_resource_group.test",
            "azurerm_subnet.test1",
            "azurerm_virtual_network.test"
          ]
        },
        {
          "index_key": 3,
          "schema_version": 0,
          "attributes": {
            "applied_dns_servers": [],
            "dns_servers": [],
            "edge_zone": "",
            "enable_accelerated_networking": false,
            "enable_ip_forwarding": false,
            "id": "/subscriptions/2c27975e-ce4f-421e-82ff-9e5080dc09c5/resourceGroups/az-cus-rg-orbcnt-hub/providers/Microsoft.Network/networkInterfaces/fgtvm-b_nic2",
            "internal_dns_name_label": "",
            "internal_domain_name_suffix": "ngyb41zkwroujddwxib1bujobf.zx.internal.cloudapp.net",
            "ip_configuration": [
              {
                "gateway_load_balancer_frontend_ip_configuration_id": "",
                "name": "testConfiguration",
                "primary": true,
                "private_ip_address": "10.1.0.6",
                "private_ip_address_allocation": "Dynamic",
                "private_ip_address_version": "IPv4",
                "public_ip_address_id": "",
                "subnet_id": "/subscriptions/2c27975e-ce4f-421e-82ff-9e5080dc09c5/resourceGroups/az-cus-rg-orbcnt-hub/providers/Microsoft.Network/virtualNetworks/az-cus-vn130-hub/subnets/az-cus-sn130-hub-fgt01"
              }
            ],
            "location": "uksouth",
            "mac_address": "",
            "name": "fgtvm-b_nic2",
            "private_ip_address": "10.1.0.6",
            "private_ip_addresses": [
              "10.1.0.6"
            ],
            "resource_group_name": "az-cus-rg-orbcnt-hub",
            "tags": {},
            "timeouts": null,
            "virtual_machine_id": ""
          },
          "sensitive_attributes": [],
          "private": "eyJlMmJmYjczMC1lY2FhLTExZTYtOGY4OC0zNDM2M2JjN2M0YzAiOnsiY3JlYXRlIjoxODAwMDAwMDAwMDAwLCJkZWxldGUiOjE4MDAwMDAwMDAwMDAsInJlYWQiOjMwMDAwMDAwMDAwMCwidXBkYXRlIjoxODAwMDAwMDAwMDAwfX0=",
          "dependencies": [
            "azurerm_subnet.test1",
            "azurerm_virtual_network.test",
            "azurerm_resource_group.test"
          ]
        }
      ]
    },
    {
      "mode": "managed",
      "type": "azurerm_network_security_group",
      "name": "publicnetworknsg",
      "provider": "provider[\"registry.terraform.io/hashicorp/azurerm\"]",
      "instances": [
        {
          "schema_version": 0,
          "attributes": {
            "id": "/subscriptions/2c27975e-ce4f-421e-82ff-9e5080dc09c5/resourceGroups/az-cus-rg-orbcnt-hub/providers/Microsoft.Network/networkSecurityGroups/Public-NSG",
            "location": "uksouth",
            "name": "Public-NSG",
            "resource_group_name": "az-cus-rg-orbcnt-hub",
            "security_rule": [
              {
                "access": "Allow",
                "description": null,
                "destination_address_prefix": "*",
                "destination_address_prefixes": [],
                "destination_application_security_group_ids": [],
                "destination_port_range": "*",
                "destination_port_ranges": [],
                "direction": "Inbound",
                "name": "TCP",
                "priority": 1001,
                "protocol": "Tcp",
                "source_address_prefix": "*",
                "source_address_prefixes": [],
                "source_application_security_group_ids": [],
                "source_port_range": "*",
                "source_port_ranges": []
              }
            ],
            "tags": {},
            "timeouts": null
          },
          "sensitive_attributes": [],
          "private": "eyJlMmJmYjczMC1lY2FhLTExZTYtOGY4OC0zNDM2M2JjN2M0YzAiOnsiY3JlYXRlIjoxODAwMDAwMDAwMDAwLCJkZWxldGUiOjE4MDAwMDAwMDAwMDAsInJlYWQiOjMwMDAwMDAwMDAwMCwidXBkYXRlIjoxODAwMDAwMDAwMDAwfX0=",
          "dependencies": [
            "azurerm_resource_group.test"
          ]
        }
      ]
    },
    {
      "mode": "managed",
      "type": "azurerm_network_security_rule",
      "name": "outgoing_public",
      "provider": "provider[\"registry.terraform.io/hashicorp/azurerm\"]",
      "instances": [
        {
          "schema_version": 0,
          "attributes": {
            "access": "Allow",
            "description": "",
            "destination_address_prefix": "*",
            "destination_address_prefixes": [],
            "destination_application_security_group_ids": [],
            "destination_port_range": "*",
            "destination_port_ranges": [],
            "direction": "Outbound",
            "id": "/subscriptions/2c27975e-ce4f-421e-82ff-9e5080dc09c5/resourceGroups/az-cus-rg-orbcnt-hub/providers/Microsoft.Network/networkSecurityGroups/Public-NSG/securityRules/egress",
            "name": "egress",
            "network_security_group_name": "Public-NSG",
            "priority": 100,
            "protocol": "*",
            "resource_group_name": "az-cus-rg-orbcnt-hub",
            "source_address_prefix": "*",
            "source_address_prefixes": [],
            "source_application_security_group_ids": [],
            "source_port_range": "*",
            "source_port_ranges": [],
            "timeouts": null
          },
          "sensitive_attributes": [],
          "private": "eyJlMmJmYjczMC1lY2FhLTExZTYtOGY4OC0zNDM2M2JjN2M0YzAiOnsiY3JlYXRlIjoxODAwMDAwMDAwMDAwLCJkZWxldGUiOjE4MDAwMDAwMDAwMDAsInJlYWQiOjMwMDAwMDAwMDAwMCwidXBkYXRlIjoxODAwMDAwMDAwMDAwfX0=",
          "dependencies": [
            "azurerm_network_security_group.publicnetworknsg",
            "azurerm_resource_group.test"
          ]
        }
      ]
    },
    {
      "mode": "managed",
      "type": "azurerm_public_ip",
      "name": "test",
      "provider": "provider[\"registry.terraform.io/hashicorp/azurerm\"]",
      "instances": [
        {
          "schema_version": 0,
          "attributes": {
            "allocation_method": "Static",
            "ddos_protection_mode": "VirtualNetworkInherited",
            "ddos_protection_plan_id": null,
            "domain_name_label": null,
            "edge_zone": "",
            "fqdn": null,
            "id": "/subscriptions/2c27975e-ce4f-421e-82ff-9e5080dc09c5/resourceGroups/az-cus-rg-orbcnt-hub/providers/Microsoft.Network/publicIPAddresses/publicip-extlb",
            "idle_timeout_in_minutes": 4,
            "ip_address": "20.0.213.100",
            "ip_tags": {},
            "ip_version": "IPv4",
            "location": "uksouth",
            "name": "publicip-extlb",
            "public_ip_prefix_id": null,
            "resource_group_name": "az-cus-rg-orbcnt-hub",
            "reverse_fqdn": null,
            "sku": "Basic",
            "sku_tier": "Regional",
            "tags": {},
            "timeouts": null,
            "zones": []
          },
          "sensitive_attributes": [],
          "private": "eyJlMmJmYjczMC1lY2FhLTExZTYtOGY4OC0zNDM2M2JjN2M0YzAiOnsiY3JlYXRlIjoxODAwMDAwMDAwMDAwLCJkZWxldGUiOjE4MDAwMDAwMDAwMDAsInJlYWQiOjMwMDAwMDAwMDAwMCwidXBkYXRlIjoxODAwMDAwMDAwMDAwfX0=",
          "dependencies": [
            "azurerm_resource_group.test"
          ]
        }
      ]
    },
    {
      "mode": "managed",
      "type": "azurerm_resource_group",
      "name": "test",
      "provider": "provider[\"registry.terraform.io/hashicorp/azurerm\"]",
      "instances": [
        {
          "schema_version": 0,
          "attributes": {
            "id": "/subscriptions/2c27975e-ce4f-421e-82ff-9e5080dc09c5/resourceGroups/az-cus-rg-orbcnt-hub",
            "location": "uksouth",
            "name": "az-cus-rg-orbcnt-hub",
            "tags": {},
            "timeouts": null
          },
          "sensitive_attributes": [],
          "private": "eyJlMmJmYjczMC1lY2FhLTExZTYtOGY4OC0zNDM2M2JjN2M0YzAiOnsiY3JlYXRlIjo1NDAwMDAwMDAwMDAwLCJkZWxldGUiOjU0MDAwMDAwMDAwMDAsInJlYWQiOjMwMDAwMDAwMDAwMCwidXBkYXRlIjo1NDAwMDAwMDAwMDAwfX0="
        }
      ]
    },
    {
      "mode": "managed",
      "type": "azurerm_route_table",
      "name": "example",
      "provider": "provider[\"registry.terraform.io/hashicorp/azurerm\"]",
      "instances": [
        {
          "schema_version": 0,
          "attributes": {
            "disable_bgp_route_propagation": false,
            "id": "/subscriptions/2c27975e-ce4f-421e-82ff-9e5080dc09c5/resourceGroups/az-cus-rg-orbcnt-hub/providers/Microsoft.Network/routeTables/internal-route",
            "location": "uksouth",
            "name": "internal-route",
            "resource_group_name": "az-cus-rg-orbcnt-hub",
            "route": [
              {
                "address_prefix": "0.0.0.0/0",
                "name": "example",
                "next_hop_in_ip_address": "",
                "next_hop_type": "None"
              }
            ],
            "subnets": [
              "/subscriptions/2c27975e-ce4f-421e-82ff-9e5080dc09c5/resourceGroups/az-cus-rg-orbcnt-hub/providers/Microsoft.Network/virtualNetworks/az-cus-vn130-hub/subnets/az-cus-sn130-hub-fgt02"
            ],
            "tags": {},
            "timeouts": null
          },
          "sensitive_attributes": [],
          "private": "eyJlMmJmYjczMC1lY2FhLTExZTYtOGY4OC0zNDM2M2JjN2M0YzAiOnsiY3JlYXRlIjoxODAwMDAwMDAwMDAwLCJkZWxldGUiOjE4MDAwMDAwMDAwMDAsInJlYWQiOjMwMDAwMDAwMDAwMCwidXBkYXRlIjoxODAwMDAwMDAwMDAwfX0=",
          "dependencies": [
            "azurerm_resource_group.test"
          ]
        }
      ]
    },
    {
      "mode": "managed",
      "type": "azurerm_storage_account",
      "name": "storageaccount",
      "provider": "provider[\"registry.terraform.io/hashicorp/azurerm\"]",
      "instances": [
        {
          "schema_version": 3,
          "attributes": {
            "access_tier": "Hot",
            "account_kind": "StorageV2",
            "account_replication_type": "LRS",
            "account_tier": "Standard",
            "allow_nested_items_to_be_public": true,
            "allowed_copy_scope": "",
            "azure_files_authentication": [],
            "blob_properties": [
              {
                "change_feed_enabled": false,
                "change_feed_retention_in_days": 0,
                "container_delete_retention_policy": [],
                "cors_rule": [],
                "default_service_version": "",
                "delete_retention_policy": [],
                "last_access_time_enabled": false,
                "restore_policy": [],
                "versioning_enabled": false
              }
            ],
            "cross_tenant_replication_enabled": true,
            "custom_domain": [],
            "customer_managed_key": [],
            "default_to_oauth_authentication": false,
            "edge_zone": "",
            "enable_https_traffic_only": true,
            "id": "/subscriptions/2c27975e-ce4f-421e-82ff-9e5080dc09c5/resourceGroups/az-cus-rg-orbcnt-hub/providers/Microsoft.Storage/storageAccounts/fgtstorage1",
            "identity": [],
            "immutability_policy": [],
            "infrastructure_encryption_enabled": false,
            "is_hns_enabled": false,
            "large_file_share_enabled": null,
            "location": "uksouth",
            "min_tls_version": "TLS1_2",
            "name": "fgtstorage1",
            "network_rules": [
              {
                "bypass": [
                  "AzureServices"
                ],
                "default_action": "Allow",
                "ip_rules": [],
                "private_link_access": [],
                "virtual_network_subnet_ids": []
              }
            ],
            "nfsv3_enabled": false,
            "primary_access_key": "IN0Zje6f2ZJbSCb1NdqFCAiRcVgq0Fs7bQDCoLekgcNs8B4Da/pvrbLcTLtJZPRt72z/yAN1EUgo+AStYoEWxQ==",
            "primary_blob_connection_string": "DefaultEndpointsProtocol=https;BlobEndpoint=https://fgtstorage1.blob.core.windows.net/;AccountName=fgtstorage1;AccountKey=IN0Zje6f2ZJbSCb1NdqFCAiRcVgq0Fs7bQDCoLekgcNs8B4Da/pvrbLcTLtJZPRt72z/yAN1EUgo+AStYoEWxQ==",
            "primary_blob_endpoint": "https://fgtstorage1.blob.core.windows.net/",
            "primary_blob_host": "fgtstorage1.blob.core.windows.net",
            "primary_connection_string": "DefaultEndpointsProtocol=https;AccountName=fgtstorage1;AccountKey=IN0Zje6f2ZJbSCb1NdqFCAiRcVgq0Fs7bQDCoLekgcNs8B4Da/pvrbLcTLtJZPRt72z/yAN1EUgo+AStYoEWxQ==;EndpointSuffix=core.windows.net",
            "primary_dfs_endpoint": "https://fgtstorage1.dfs.core.windows.net/",
            "primary_dfs_host": "fgtstorage1.dfs.core.windows.net",
            "primary_file_endpoint": "https://fgtstorage1.file.core.windows.net/",
            "primary_file_host": "fgtstorage1.file.core.windows.net",
            "primary_location": "uksouth",
            "primary_queue_endpoint": "https://fgtstorage1.queue.core.windows.net/",
            "primary_queue_host": "fgtstorage1.queue.core.windows.net",
            "primary_table_endpoint": "https://fgtstorage1.table.core.windows.net/",
            "primary_table_host": "fgtstorage1.table.core.windows.net",
            "primary_web_endpoint": "https://fgtstorage1.z33.web.core.windows.net/",
            "primary_web_host": "fgtstorage1.z33.web.core.windows.net",
            "public_network_access_enabled": true,
            "queue_encryption_key_type": "Service",
            "queue_properties": [
              {
                "cors_rule": [],
                "hour_metrics": [
                  {
                    "enabled": true,
                    "include_apis": true,
                    "retention_policy_days": 7,
                    "version": "1.0"
                  }
                ],
                "logging": [
                  {
                    "delete": false,
                    "read": false,
                    "retention_policy_days": 0,
                    "version": "1.0",
                    "write": false
                  }
                ],
                "minute_metrics": [
                  {
                    "enabled": false,
                    "include_apis": false,
                    "retention_policy_days": 0,
                    "version": "1.0"
                  }
                ]
              }
            ],
            "resource_group_name": "az-cus-rg-orbcnt-hub",
            "routing": [],
            "sas_policy": [],
            "secondary_access_key": "OhDb/oC1vgdOmDTEzv8yTdbKwmkkUNvtMVhk/+UbuK4Ee6pgx6av/wUJGlDSBFwY0OOXNMKsgb70+AStqSu0Tw==",
            "secondary_blob_connection_string": "",
            "secondary_blob_endpoint": null,
            "secondary_blob_host": null,
            "secondary_connection_string": "DefaultEndpointsProtocol=https;AccountName=fgtstorage1;AccountKey=OhDb/oC1vgdOmDTEzv8yTdbKwmkkUNvtMVhk/+UbuK4Ee6pgx6av/wUJGlDSBFwY0OOXNMKsgb70+AStqSu0Tw==;EndpointSuffix=core.windows.net",
            "secondary_dfs_endpoint": null,
            "secondary_dfs_host": null,
            "secondary_file_endpoint": null,
            "secondary_file_host": null,
            "secondary_location": "",
            "secondary_queue_endpoint": null,
            "secondary_queue_host": null,
            "secondary_table_endpoint": null,
            "secondary_table_host": null,
            "secondary_web_endpoint": null,
            "secondary_web_host": null,
            "sftp_enabled": false,
            "share_properties": [
              {
                "cors_rule": [],
                "retention_policy": [
                  {
                    "days": 7
                  }
                ],
                "smb": []
              }
            ],
            "shared_access_key_enabled": true,
            "static_website": [],
            "table_encryption_key_type": "Service",
            "tags": {},
            "timeouts": null
          },
          "sensitive_attributes": [],
          "private": "eyJlMmJmYjczMC1lY2FhLTExZTYtOGY4OC0zNDM2M2JjN2M0YzAiOnsiY3JlYXRlIjozNjAwMDAwMDAwMDAwLCJkZWxldGUiOjM2MDAwMDAwMDAwMDAsInJlYWQiOjMwMDAwMDAwMDAwMCwidXBkYXRlIjozNjAwMDAwMDAwMDAwfSwic2NoZW1hX3ZlcnNpb24iOiIzIn0=",
          "dependencies": [
            "azurerm_resource_group.test"
          ]
        }
      ]
    },
    {
      "mode": "managed",
      "type": "azurerm_storage_container",
      "name": "container",
      "provider": "provider[\"registry.terraform.io/hashicorp/azurerm\"]",
      "instances": [
        {
          "schema_version": 1,
          "attributes": {
            "container_access_type": "private",
            "has_immutability_policy": false,
            "has_legal_hold": false,
            "id": "https://fgtstorage1.blob.core.windows.net/fgt-container",
            "metadata": {},
            "name": "fgt-container",
            "resource_manager_id": "/subscriptions/2c27975e-ce4f-421e-82ff-9e5080dc09c5/resourceGroups/az-cus-rg-orbcnt-hub/providers/Microsoft.Storage/storageAccounts/fgtstorage1/blobServices/default/containers/fgt-container",
            "storage_account_name": "fgtstorage1",
            "timeouts": null
          },
          "sensitive_attributes": [],
          "private": "eyJlMmJmYjczMC1lY2FhLTExZTYtOGY4OC0zNDM2M2JjN2M0YzAiOnsiY3JlYXRlIjoxODAwMDAwMDAwMDAwLCJkZWxldGUiOjE4MDAwMDAwMDAwMDAsInJlYWQiOjMwMDAwMDAwMDAwMCwidXBkYXRlIjoxODAwMDAwMDAwMDAwfSwic2NoZW1hX3ZlcnNpb24iOiIxIn0=",
          "dependencies": [
            "azurerm_resource_group.test",
            "azurerm_storage_account.storageaccount"
          ]
        }
      ]
    },
    {
      "mode": "managed",
      "type": "azurerm_subnet",
      "name": "test1",
      "provider": "provider[\"registry.terraform.io/hashicorp/azurerm\"]",
      "instances": [
        {
          "schema_version": 0,
          "attributes": {
            "address_prefixes": [
              "10.1.0.0/24"
            ],
            "delegation": [],
            "enforce_private_link_endpoint_network_policies": false,
            "enforce_private_link_service_network_policies": false,
            "id": "/subscriptions/2c27975e-ce4f-421e-82ff-9e5080dc09c5/resourceGroups/az-cus-rg-orbcnt-hub/providers/Microsoft.Network/virtualNetworks/az-cus-vn130-hub/subnets/az-cus-sn130-hub-fgt01",
            "name": "az-cus-sn130-hub-fgt01",
            "private_endpoint_network_policies_enabled": true,
            "private_link_service_network_policies_enabled": true,
            "resource_group_name": "az-cus-rg-orbcnt-hub",
            "service_endpoint_policy_ids": [],
            "service_endpoints": [],
            "timeouts": null,
            "virtual_network_name": "az-cus-vn130-hub"
          },
          "sensitive_attributes": [],
          "private": "eyJlMmJmYjczMC1lY2FhLTExZTYtOGY4OC0zNDM2M2JjN2M0YzAiOnsiY3JlYXRlIjoxODAwMDAwMDAwMDAwLCJkZWxldGUiOjE4MDAwMDAwMDAwMDAsInJlYWQiOjMwMDAwMDAwMDAwMCwidXBkYXRlIjoxODAwMDAwMDAwMDAwfX0=",
          "dependencies": [
            "azurerm_resource_group.test",
            "azurerm_virtual_network.test"
          ]
        }
      ]
    },
    {
      "mode": "managed",
      "type": "azurerm_subnet",
      "name": "test2",
      "provider": "provider[\"registry.terraform.io/hashicorp/azurerm\"]",
      "instances": [
        {
          "schema_version": 0,
          "attributes": {
            "address_prefixes": [
              "10.1.1.0/24"
            ],
            "delegation": [],
            "enforce_private_link_endpoint_network_policies": false,
            "enforce_private_link_service_network_policies": false,
            "id": "/subscriptions/2c27975e-ce4f-421e-82ff-9e5080dc09c5/resourceGroups/az-cus-rg-orbcnt-hub/providers/Microsoft.Network/virtualNetworks/az-cus-vn130-hub/subnets/az-cus-sn130-hub-fgt02",
            "name": "az-cus-sn130-hub-fgt02",
            "private_endpoint_network_policies_enabled": true,
            "private_link_service_network_policies_enabled": true,
            "resource_group_name": "az-cus-rg-orbcnt-hub",
            "service_endpoint_policy_ids": [],
            "service_endpoints": [],
            "timeouts": null,
            "virtual_network_name": "az-cus-vn130-hub"
          },
          "sensitive_attributes": [],
          "private": "eyJlMmJmYjczMC1lY2FhLTExZTYtOGY4OC0zNDM2M2JjN2M0YzAiOnsiY3JlYXRlIjoxODAwMDAwMDAwMDAwLCJkZWxldGUiOjE4MDAwMDAwMDAwMDAsInJlYWQiOjMwMDAwMDAwMDAwMCwidXBkYXRlIjoxODAwMDAwMDAwMDAwfX0=",
          "dependencies": [
            "azurerm_resource_group.test",
            "azurerm_virtual_network.test"
          ]
        }
      ]
    },
    {
      "mode": "managed",
      "type": "azurerm_subnet_route_table_association",
      "name": "example",
      "provider": "provider[\"registry.terraform.io/hashicorp/azurerm\"]",
      "instances": [
        {
          "schema_version": 0,
          "attributes": {
            "id": "/subscriptions/2c27975e-ce4f-421e-82ff-9e5080dc09c5/resourceGroups/az-cus-rg-orbcnt-hub/providers/Microsoft.Network/virtualNetworks/az-cus-vn130-hub/subnets/az-cus-sn130-hub-fgt02",
            "route_table_id": "/subscriptions/2c27975e-ce4f-421e-82ff-9e5080dc09c5/resourceGroups/az-cus-rg-orbcnt-hub/providers/Microsoft.Network/routeTables/internal-route",
            "subnet_id": "/subscriptions/2c27975e-ce4f-421e-82ff-9e5080dc09c5/resourceGroups/az-cus-rg-orbcnt-hub/providers/Microsoft.Network/virtualNetworks/az-cus-vn130-hub/subnets/az-cus-sn130-hub-fgt02",
            "timeouts": null
          },
          "sensitive_attributes": [],
          "private": "eyJlMmJmYjczMC1lY2FhLTExZTYtOGY4OC0zNDM2M2JjN2M0YzAiOnsiY3JlYXRlIjoxODAwMDAwMDAwMDAwLCJkZWxldGUiOjE4MDAwMDAwMDAwMDAsInJlYWQiOjMwMDAwMDAwMDAwMCwidXBkYXRlIjoxODAwMDAwMDAwMDAwfX0=",
          "dependencies": [
            "azurerm_resource_group.test",
            "azurerm_route_table.example",
            "azurerm_subnet.test2",
            "azurerm_virtual_network.test"
          ]
        }
      ]
    },
    {
      "mode": "managed",
      "type": "azurerm_virtual_machine",
      "name": "test",
      "provider": "provider[\"registry.terraform.io/hashicorp/azurerm\"]",
      "instances": [
        {
          "index_key": 0,
          "schema_version": 0,
          "attributes": {
            "additional_capabilities": [],
            "availability_set_id": "/subscriptions/2c27975e-ce4f-421e-82ff-9e5080dc09c5/resourcegroups/az-cus-rg-orbcnt-hub/providers/microsoft.compute/availabilitysets/avset",
            "boot_diagnostics": [],
            "delete_data_disks_on_termination": false,
            "delete_os_disk_on_termination": false,
            "id": "/subscriptions/2c27975e-ce4f-421e-82ff-9e5080dc09c5/resourceGroups/az-cus-rg-orbcnt-hub/providers/Microsoft.Compute/virtualMachines/fgt_activevm_a",
            "identity": [],
            "license_type": null,
            "location": "uksouth",
            "name": "fgt_activevm_a",
            "network_interface_ids": [
              "/subscriptions/2c27975e-ce4f-421e-82ff-9e5080dc09c5/resourceGroups/az-cus-rg-orbcnt-hub/providers/Microsoft.Network/networkInterfaces/fgtvm-a_nic1"
            ],
            "os_profile": [
              {
                "admin_password": "",
                "admin_username": "azureadmin",
                "computer_name": "ram",
                "custom_data": ""
              }
            ],
            "os_profile_linux_config": [
              {
                "disable_password_authentication": false,
                "ssh_keys": []
              }
            ],
            "os_profile_secrets": [],
            "os_profile_windows_config": [],
            "plan": [
              {
                "name": "fortinet_fg-vm_payg_2022",
                "product": "fortinet_fortigate-vm_v5",
                "publisher": "fortinet"
              }
            ],
            "primary_network_interface_id": null,
            "proximity_placement_group_id": null,
            "resource_group_name": "az-cus-rg-orbcnt-hub",
            "storage_data_disk": [
              {
                "caching": "None",
                "create_option": "Empty",
                "disk_size_gb": 30,
                "lun": 0,
                "managed_disk_id": "/subscriptions/2c27975e-ce4f-421e-82ff-9e5080dc09c5/resourceGroups/az-cus-rg-orbcnt-hub/providers/Microsoft.Compute/disks/datadisk_new_0",
                "managed_disk_type": "Standard_LRS",
                "name": "datadisk_new_0",
                "vhd_uri": "",
                "write_accelerator_enabled": false
              },
              {
                "caching": "None",
                "create_option": "Attach",
                "disk_size_gb": 1023,
                "lun": 1,
                "managed_disk_id": "/subscriptions/2c27975e-ce4f-421e-82ff-9e5080dc09c5/resourceGroups/az-cus-rg-orbcnt-hub/providers/Microsoft.Compute/disks/datadisk_existing_0",
                "managed_disk_type": "Standard_LRS",
                "name": "datadisk_existing_0",
                "vhd_uri": "",
                "write_accelerator_enabled": false
              }
            ],
            "storage_image_reference": [
              {
                "id": "",
                "offer": "fortinet_fortigate-vm_v5",
                "publisher": "fortinet",
                "sku": "fortinet_fg-vm_payg_2022",
                "version": "7.2.2"
              }
            ],
            "storage_os_disk": [
              {
                "caching": "ReadWrite",
                "create_option": "FromImage",
                "disk_size_gb": 2,
                "image_uri": "",
                "managed_disk_id": "/subscriptions/2c27975e-ce4f-421e-82ff-9e5080dc09c5/resourceGroups/az-cus-rg-orbcnt-hub/providers/Microsoft.Compute/disks/myosdisk0",
                "managed_disk_type": "Standard_LRS",
                "name": "myosdisk0",
                "os_type": "Linux",
                "vhd_uri": "",
                "write_accelerator_enabled": false
              }
            ],
            "tags": {
              "environment": "staging"
            },
            "timeouts": null,
            "vm_size": "Standard_F4",
            "zones": []
          },
          "sensitive_attributes": [],
          "private": "eyJlMmJmYjczMC1lY2FhLTExZTYtOGY4OC0zNDM2M2JjN2M0YzAiOnsiY3JlYXRlIjozNjAwMDAwMDAwMDAwLCJkZWxldGUiOjM2MDAwMDAwMDAwMDAsInJlYWQiOjMwMDAwMDAwMDAwMCwidXBkYXRlIjozNjAwMDAwMDAwMDAwfX0=",
          "dependencies": [
            "azurerm_virtual_network.test",
            "azurerm_availability_set.avset",
            "azurerm_managed_disk.test",
            "azurerm_network_interface.test",
            "azurerm_resource_group.test",
            "azurerm_subnet.test1"
          ]
        },
        {
          "index_key": 1,
          "schema_version": 0,
          "attributes": {
            "additional_capabilities": [],
            "availability_set_id": "/subscriptions/2c27975e-ce4f-421e-82ff-9e5080dc09c5/resourcegroups/az-cus-rg-orbcnt-hub/providers/microsoft.compute/availabilitysets/avset",
            "boot_diagnostics": [],
            "delete_data_disks_on_termination": false,
            "delete_os_disk_on_termination": false,
            "id": "/subscriptions/2c27975e-ce4f-421e-82ff-9e5080dc09c5/resourceGroups/az-cus-rg-orbcnt-hub/providers/Microsoft.Compute/virtualMachines/fgt_activevm_b",
            "identity": [],
            "license_type": null,
            "location": "uksouth",
            "name": "fgt_activevm_b",
            "network_interface_ids": [
              "/subscriptions/2c27975e-ce4f-421e-82ff-9e5080dc09c5/resourceGroups/az-cus-rg-orbcnt-hub/providers/Microsoft.Network/networkInterfaces/fgtvm-a_nic2"
            ],
            "os_profile": [
              {
                "admin_password": "",
                "admin_username": "azureadmin",
                "computer_name": "ram",
                "custom_data": ""
              }
            ],
            "os_profile_linux_config": [
              {
                "disable_password_authentication": false,
                "ssh_keys": []
              }
            ],
            "os_profile_secrets": [],
            "os_profile_windows_config": [],
            "plan": [
              {
                "name": "fortinet_fg-vm_payg_2022",
                "product": "fortinet_fortigate-vm_v5",
                "publisher": "fortinet"
              }
            ],
            "primary_network_interface_id": null,
            "proximity_placement_group_id": null,
            "resource_group_name": "az-cus-rg-orbcnt-hub",
            "storage_data_disk": [
              {
                "caching": "None",
                "create_option": "Empty",
                "disk_size_gb": 30,
                "lun": 0,
                "managed_disk_id": "/subscriptions/2c27975e-ce4f-421e-82ff-9e5080dc09c5/resourceGroups/az-cus-rg-orbcnt-hub/providers/Microsoft.Compute/disks/datadisk_new_1",
                "managed_disk_type": "Standard_LRS",
                "name": "datadisk_new_1",
                "vhd_uri": "",
                "write_accelerator_enabled": false
              },
              {
                "caching": "None",
                "create_option": "Attach",
                "disk_size_gb": 1023,
                "lun": 1,
                "managed_disk_id": "/subscriptions/2c27975e-ce4f-421e-82ff-9e5080dc09c5/resourceGroups/az-cus-rg-orbcnt-hub/providers/Microsoft.Compute/disks/datadisk_existing_1",
                "managed_disk_type": "Standard_LRS",
                "name": "datadisk_existing_1",
                "vhd_uri": "",
                "write_accelerator_enabled": false
              }
            ],
            "storage_image_reference": [
              {
                "id": "",
                "offer": "fortinet_fortigate-vm_v5",
                "publisher": "fortinet",
                "sku": "fortinet_fg-vm_payg_2022",
                "version": "7.2.2"
              }
            ],
            "storage_os_disk": [
              {
                "caching": "ReadWrite",
                "create_option": "FromImage",
                "disk_size_gb": 2,
                "image_uri": "",
                "managed_disk_id": "/subscriptions/2c27975e-ce4f-421e-82ff-9e5080dc09c5/resourceGroups/az-cus-rg-orbcnt-hub/providers/Microsoft.Compute/disks/myosdisk1",
                "managed_disk_type": "Standard_LRS",
                "name": "myosdisk1",
                "os_type": "Linux",
                "vhd_uri": "",
                "write_accelerator_enabled": false
              }
            ],
            "tags": {
              "environment": "staging"
            },
            "timeouts": null,
            "vm_size": "Standard_F4",
            "zones": []
          },
          "sensitive_attributes": [],
          "private": "eyJlMmJmYjczMC1lY2FhLTExZTYtOGY4OC0zNDM2M2JjN2M0YzAiOnsiY3JlYXRlIjozNjAwMDAwMDAwMDAwLCJkZWxldGUiOjM2MDAwMDAwMDAwMDAsInJlYWQiOjMwMDAwMDAwMDAwMCwidXBkYXRlIjozNjAwMDAwMDAwMDAwfX0=",
          "dependencies": [
            "azurerm_network_interface.test",
            "azurerm_resource_group.test",
            "azurerm_subnet.test1",
            "azurerm_virtual_network.test",
            "azurerm_availability_set.avset",
            "azurerm_managed_disk.test"
          ]
        }
      ]
    },
    {
      "mode": "managed",
      "type": "azurerm_virtual_network",
      "name": "test",
      "provider": "provider[\"registry.terraform.io/hashicorp/azurerm\"]",
      "instances": [
        {
          "schema_version": 0,
          "attributes": {
            "address_space": [
              "10.1.0.0/16"
            ],
            "bgp_community": "",
            "ddos_protection_plan": [],
            "dns_servers": [],
            "edge_zone": "",
            "flow_timeout_in_minutes": 0,
            "guid": "6f1fb069-b42a-445d-8c76-ba03b0d12e0d",
            "id": "/subscriptions/2c27975e-ce4f-421e-82ff-9e5080dc09c5/resourceGroups/az-cus-rg-orbcnt-hub/providers/Microsoft.Network/virtualNetworks/az-cus-vn130-hub",
            "location": "uksouth",
            "name": "az-cus-vn130-hub",
            "resource_group_name": "az-cus-rg-orbcnt-hub",
            "subnet": [
              {
                "address_prefix": "10.1.0.0/24",
                "id": "/subscriptions/2c27975e-ce4f-421e-82ff-9e5080dc09c5/resourceGroups/az-cus-rg-orbcnt-hub/providers/Microsoft.Network/virtualNetworks/az-cus-vn130-hub/subnets/az-cus-sn130-hub-fgt01",
                "name": "az-cus-sn130-hub-fgt01",
                "security_group": ""
              },
              {
                "address_prefix": "10.1.1.0/24",
                "id": "/subscriptions/2c27975e-ce4f-421e-82ff-9e5080dc09c5/resourceGroups/az-cus-rg-orbcnt-hub/providers/Microsoft.Network/virtualNetworks/az-cus-vn130-hub/subnets/az-cus-sn130-hub-fgt02",
                "name": "az-cus-sn130-hub-fgt02",
                "security_group": ""
              }
            ],
            "tags": {},
            "timeouts": null
          },
          "sensitive_attributes": [],
          "private": "eyJlMmJmYjczMC1lY2FhLTExZTYtOGY4OC0zNDM2M2JjN2M0YzAiOnsiY3JlYXRlIjoxODAwMDAwMDAwMDAwLCJkZWxldGUiOjE4MDAwMDAwMDAwMDAsInJlYWQiOjMwMDAwMDAwMDAwMCwidXBkYXRlIjoxODAwMDAwMDAwMDAwfX0=",
          "dependencies": [
            "azurerm_resource_group.test"
          ]
        }
      ]
    }
  ]
}
